
Microsoft Visual Studio Solution File, Format Version 12.00
Project("{2150E333-8FDC-42A3-9474-1A3956D46DE8}") = "Services", "Services", "{E68511B7-8982-45D8-88CD-87C233A3CCB1}"
EndProject
Project("{2150E333-8FDC-42A3-9474-1A3956D46DE8}") = "Identity", "Identity", "{9669CD5D-1E97-49A1-A92D-53ED3660B959}"
EndProject
Project("{2150E333-8FDC-42A3-9474-1A3956D46DE8}") = "Gateway", "Gateway", "{C81F7B97-D64E-4A8C-8FDB-11B2E65DE44B}"
EndProject
Project("{2150E333-8FDC-42A3-9474-1A3956D46DE8}") = "FileService", "FileService", "{3C333FE7-059A-4136-B8C7-15E5573C40DC}"
EndProject
Project("{2150E333-8FDC-42A3-9474-1A3956D46DE8}") = "SearchService", "SearchService", "{8B638BED-68C2-4D65-97CC-62D1D87F6664}"
EndProject
Project("{2150E333-8FDC-42A3-9474-1A3956D46DE8}") = "Proccessing", "Proccessing", "{30C6E134-90C1-4743-A63F-4EEBD161A943}"
EndProject
Project("{2150E333-8FDC-42A3-9474-1A3956D46DE8}") = "Docs", "Docs", "{736D6075-D74D-40B3-86BC-303153DC642F}"
EndProject
Project("{2150E333-8FDC-42A3-9474-1A3956D46DE8}") = "src", "src", "{59B04457-A5C3-4270-BE04-C72F23953971}"
EndProject
Project("{2150E333-8FDC-42A3-9474-1A3956D46DE8}") = "BuildingBlocks", "BuildingBlocks", "{D2EE83AA-BA72-45D5-9850-F445DE6F4BDF}"
EndProject
Project("{2150E333-8FDC-42A3-9474-1A3956D46DE8}") = "Core", "Core", "{0A90B4AE-FFEC-47A9-8470-E741EBBBB652}"
EndProject
Project("{FAE04EC0-301F-11D3-BF4B-00C04F79EFBC}") = "Identity.Application", "src\BuildingBlocks\Services\Identity\Identity.Application\Identity.Application.csproj", "{70EF7016-5329-428B-97CA-69FF4EFF3D00}"
EndProject
Project("{FAE04EC0-301F-11D3-BF4B-00C04F79EFBC}") = "Identity.Domain", "src\BuildingBlocks\Services\Identity\Identity.Domain\Identity.Domain.csproj", "{3B65F467-CE36-4FB7-8C59-366D357D2A73}"
EndProject
Project("{FAE04EC0-301F-11D3-BF4B-00C04F79EFBC}") = "Identity.Persistence", "src\BuildingBlocks\Services\Identity\Identity.Persistence\Identity.Persistence.csproj", "{EF1E90F9-EAF0-4734-9C6A-EDB1B3CDEE87}"
EndProject
Project("{FAE04EC0-301F-11D3-BF4B-00C04F79EFBC}") = "Identity.Presentation", "src\BuildingBlocks\Services\Identity\Identity.Presentation\Identity.Presentation.csproj", "{EBCD4BE9-913B-4C94-AA95-18231755826D}"
EndProject
Project("{FAE04EC0-301F-11D3-BF4B-00C04F79EFBC}") = "Core.Application", "src\BuildingBlocks\Core\Core.Application\Core.Application.csproj", "{CBE98473-7292-4F88-A402-A62971E5E5F9}"
EndProject
Project("{FAE04EC0-301F-11D3-BF4B-00C04F79EFBC}") = "Core.CrossCuttingConcerns", "src\BuildingBlocks\Core\Core.CrossCuttingConcerns\Core.CrossCuttingConcerns.csproj", "{3D539F36-390B-4A8C-B3E0-94AD3FFCA20C}"
EndProject
Global
	GlobalSection(SolutionConfigurationPlatforms) = preSolution
		Debug|Any CPU = Debug|Any CPU
		Release|Any CPU = Release|Any CPU
	EndGlobalSection
	GlobalSection(NestedProjects) = preSolution
		{9669CD5D-1E97-49A1-A92D-53ED3660B959} = {E68511B7-8982-45D8-88CD-87C233A3CCB1}
		{C81F7B97-D64E-4A8C-8FDB-11B2E65DE44B} = {E68511B7-8982-45D8-88CD-87C233A3CCB1}
		{3C333FE7-059A-4136-B8C7-15E5573C40DC} = {E68511B7-8982-45D8-88CD-87C233A3CCB1}
		{8B638BED-68C2-4D65-97CC-62D1D87F6664} = {E68511B7-8982-45D8-88CD-87C233A3CCB1}
		{30C6E134-90C1-4743-A63F-4EEBD161A943} = {E68511B7-8982-45D8-88CD-87C233A3CCB1}
		{D2EE83AA-BA72-45D5-9850-F445DE6F4BDF} = {59B04457-A5C3-4270-BE04-C72F23953971}
		{E68511B7-8982-45D8-88CD-87C233A3CCB1} = {D2EE83AA-BA72-45D5-9850-F445DE6F4BDF}
		{0A90B4AE-FFEC-47A9-8470-E741EBBBB652} = {D2EE83AA-BA72-45D5-9850-F445DE6F4BDF}
		{70EF7016-5329-428B-97CA-69FF4EFF3D00} = {9669CD5D-1E97-49A1-A92D-53ED3660B959}
		{3B65F467-CE36-4FB7-8C59-366D357D2A73} = {9669CD5D-1E97-49A1-A92D-53ED3660B959}
		{EF1E90F9-EAF0-4734-9C6A-EDB1B3CDEE87} = {9669CD5D-1E97-49A1-A92D-53ED3660B959}
		{EBCD4BE9-913B-4C94-AA95-18231755826D} = {9669CD5D-1E97-49A1-A92D-53ED3660B959}
		{CBE98473-7292-4F88-A402-A62971E5E5F9} = {0A90B4AE-FFEC-47A9-8470-E741EBBBB652}
		{3D539F36-390B-4A8C-B3E0-94AD3FFCA20C} = {0A90B4AE-FFEC-47A9-8470-E741EBBBB652}
	EndGlobalSection
	GlobalSection(ProjectConfigurationPlatforms) = postSolution
		{70EF7016-5329-428B-97CA-69FF4EFF3D00}.Debug|Any CPU.ActiveCfg = Debug|Any CPU
		{70EF7016-5329-428B-97CA-69FF4EFF3D00}.Debug|Any CPU.Build.0 = Debug|Any CPU
		{70EF7016-5329-428B-97CA-69FF4EFF3D00}.Release|Any CPU.ActiveCfg = Release|Any CPU
		{70EF7016-5329-428B-97CA-69FF4EFF3D00}.Release|Any CPU.Build.0 = Release|Any CPU
		{3B65F467-CE36-4FB7-8C59-366D357D2A73}.Debug|Any CPU.ActiveCfg = Debug|Any CPU
		{3B65F467-CE36-4FB7-8C59-366D357D2A73}.Debug|Any CPU.Build.0 = Debug|Any CPU
		{3B65F467-CE36-4FB7-8C59-366D357D2A73}.Release|Any CPU.ActiveCfg = Release|Any CPU
		{3B65F467-CE36-4FB7-8C59-366D357D2A73}.Release|Any CPU.Build.0 = Release|Any CPU
		{EF1E90F9-EAF0-4734-9C6A-EDB1B3CDEE87}.Debug|Any CPU.ActiveCfg = Debug|Any CPU
		{EF1E90F9-EAF0-4734-9C6A-EDB1B3CDEE87}.Debug|Any CPU.Build.0 = Debug|Any CPU
		{EF1E90F9-EAF0-4734-9C6A-EDB1B3CDEE87}.Release|Any CPU.ActiveCfg = Release|Any CPU
		{EF1E90F9-EAF0-4734-9C6A-EDB1B3CDEE87}.Release|Any CPU.Build.0 = Release|Any CPU
		{EBCD4BE9-913B-4C94-AA95-18231755826D}.Debug|Any CPU.ActiveCfg = Debug|Any CPU
		{EBCD4BE9-913B-4C94-AA95-18231755826D}.Debug|Any CPU.Build.0 = Debug|Any CPU
		{EBCD4BE9-913B-4C94-AA95-18231755826D}.Release|Any CPU.ActiveCfg = Release|Any CPU
		{EBCD4BE9-913B-4C94-AA95-18231755826D}.Release|Any CPU.Build.0 = Release|Any CPU
		{CBE98473-7292-4F88-A402-A62971E5E5F9}.Debug|Any CPU.ActiveCfg = Debug|Any CPU
		{CBE98473-7292-4F88-A402-A62971E5E5F9}.Debug|Any CPU.Build.0 = Debug|Any CPU
		{CBE98473-7292-4F88-A402-A62971E5E5F9}.Release|Any CPU.ActiveCfg = Release|Any CPU
		{CBE98473-7292-4F88-A402-A62971E5E5F9}.Release|Any CPU.Build.0 = Release|Any CPU
		{3D539F36-390B-4A8C-B3E0-94AD3FFCA20C}.Debug|Any CPU.ActiveCfg = Debug|Any CPU
		{3D539F36-390B-4A8C-B3E0-94AD3FFCA20C}.Debug|Any CPU.Build.0 = Debug|Any CPU
		{3D539F36-390B-4A8C-B3E0-94AD3FFCA20C}.Release|Any CPU.ActiveCfg = Release|Any CPU
		{3D539F36-390B-4A8C-B3E0-94AD3FFCA20C}.Release|Any CPU.Build.0 = Release|Any CPU
	EndGlobalSection
EndGlobal
